// !$*UTF8*$!
{
	archiveVersion = 1;
	classes = {
	};
	objectVersion = 55;
	objects = {

/* Begin PBXBuildFile section */
		CBA351AD28BD3D2300DBD537 /* DRINK_KARTApp.swift in Sources */ = {isa = PBXBuildFile; fileRef = CBA351AC28BD3D2300DBD537 /* DRINK_KARTApp.swift */; };
		CBA351AF28BD3D2300DBD537 /* ContentView.swift in Sources */ = {isa = PBXBuildFile; fileRef = CBA351AE28BD3D2300DBD537 /* ContentView.swift */; };
		CBA351B128BD3D2400DBD537 /* Assets.xcassets in Resources */ = {isa = PBXBuildFile; fileRef = CBA351B028BD3D2400DBD537 /* Assets.xcassets */; };
		CBA351B428BD3D2400DBD537 /* Preview Assets.xcassets in Resources */ = {isa = PBXBuildFile; fileRef = CBA351B328BD3D2400DBD537 /* Preview Assets.xcassets */; };
		CBA351BB28BD3D4000DBD537 /* CartButton.swift in Sources */ = {isa = PBXBuildFile; fileRef = CBA351BA28BD3D4000DBD537 /* CartButton.swift */; };
		CBA351BD28BD3D9000DBD537 /* CartManager.swift in Sources */ = {isa = PBXBuildFile; fileRef = CBA351BC28BD3D9000DBD537 /* CartManager.swift */; };
		CBA351BF28BD3DC300DBD537 /* CartView.swift in Sources */ = {isa = PBXBuildFile; fileRef = CBA351BE28BD3DC300DBD537 /* CartView.swift */; };
		CBA351C128BD3DD000DBD537 /* PaymentButton.swift in Sources */ = {isa = PBXBuildFile; fileRef = CBA351C028BD3DD000DBD537 /* PaymentButton.swift */; };
		CBA351C328BD3DD900DBD537 /* PaymentHandler.swift in Sources */ = {isa = PBXBuildFile; fileRef = CBA351C228BD3DD900DBD537 /* PaymentHandler.swift */; };
		CBA351C728BD3DE500DBD537 /* Product.swift in Sources */ = {isa = PBXBuildFile; fileRef = CBA351C428BD3DE500DBD537 /* Product.swift */; };
		CBA351C828BD3DE500DBD537 /* ProductCard.swift in Sources */ = {isa = PBXBuildFile; fileRef = CBA351C528BD3DE500DBD537 /* ProductCard.swift */; };
		CBA351C928BD3DE500DBD537 /* ProductRow.swift in Sources */ = {isa = PBXBuildFile; fileRef = CBA351C628BD3DE500DBD537 /* ProductRow.swift */; };
/* End PBXBuildFile section */

/* Begin PBXFileReference section */
		CBA351A928BD3D2300DBD537 /* DRINK-KART.app */ = {isa = PBXFileReference; explicitFileType = wrapper.application; includeInIndex = 0; path = "DRINK-KART.app"; sourceTree = BUILT_PRODUCTS_DIR; };
		CBA351AC28BD3D2300DBD537 /* DRINK_KARTApp.swift */ = {isa = PBXFileReference; lastKnownFileType = sourcecode.swift; path = DRINK_KARTApp.swift; sourceTree = "<group>"; };
		CBA351AE28BD3D2300DBD537 /* ContentView.swift */ = {isa = PBXFileReference; lastKnownFileType = sourcecode.swift; path = ContentView.swift; sourceTree = "<group>"; };
		CBA351B028BD3D2400DBD537 /* Assets.xcassets */ = {isa = PBXFileReference; lastKnownFileType = folder.assetcatalog; path = Assets.xcassets; sourceTree = "<group>"; };
		CBA351B328BD3D2400DBD537 /* Preview Assets.xcassets */ = {isa = PBXFileReference; lastKnownFileType = folder.assetcatalog; path = "Preview Assets.xcassets"; sourceTree = "<group>"; };
		CBA351BA28BD3D4000DBD537 /* CartButton.swift */ = {isa = PBXFileReference; lastKnownFileType = sourcecode.swift; path = CartButton.swift; sourceTree = "<group>"; };
		CBA351BC28BD3D9000DBD537 /* CartManager.swift */ = {isa = PBXFileReference; lastKnownFileType = sourcecode.swift; path = CartManager.swift; sourceTree = "<group>"; };
		CBA351BE28BD3DC300DBD537 /* CartView.swift */ = {isa = PBXFileReference; fileEncoding = 4; lastKnownFileType = sourcecode.swift; path = CartView.swift; sourceTree = "<group>"; };
		CBA351C028BD3DD000DBD537 /* PaymentButton.swift */ = {isa = PBXFileReference; fileEncoding = 4; lastKnownFileType = sourcecode.swift; path = PaymentButton.swift; sourceTree = "<group>"; };
		CBA351C228BD3DD900DBD537 /* PaymentHandler.swift */ = {isa = PBXFileReference; fileEncoding = 4; lastKnownFileType = sourcecode.swift; path = PaymentHandler.swift; sourceTree = "<group>"; };
		CBA351C428BD3DE500DBD537 /* Product.swift */ = {isa = PBXFileReference; fileEncoding = 4; lastKnownFileType = sourcecode.swift; path = Product.swift; sourceTree = "<group>"; };
		CBA351C528BD3DE500DBD537 /* ProductCard.swift */ = {isa = PBXFileReference; fileEncoding = 4; lastKnownFileType = sourcecode.swift; path = ProductCard.swift; sourceTree = "<group>"; };
		CBA351C628BD3DE500DBD537 /* ProductRow.swift */ = {isa = PBXFileReference; fileEncoding = 4; lastKnownFileType = sourcecode.swift; path = ProductRow.swift; sourceTree = "<group>"; };
/* End PBXFileReference section */

/* Begin PBXFrameworksBuildPhase section */
		CBA351A628BD3D2300DBD537 /* Frameworks */ = {
			isa = PBXFrameworksBuildPhase;
			buildActionMask = 2147483647;
			files = (
			);
			runOnlyForDeploymentPostprocessing = 0;
		};
/* End PBXFrameworksBuildPhase section */

/* Begin PBXGroup section */
		CBA351A028BD3D2300DBD537 = {
			isa = PBXGroup;
			children = (
				CBA351AB28BD3D2300DBD537 /* DRINK-KART */,
				CBA351AA28BD3D2300DBD537 /* Products */,
			);
			sourceTree = "<group>";
		};
		CBA351AA28BD3D2300DBD537 /* Products */ = {
			isa = PBXGroup;
			children = (
				CBA351A928BD3D2300DBD537 /* DRINK-KART.app */,
			);
			name = Products;
			sourceTree = "<group>";
		};
		CBA351AB28BD3D2300DBD537 /* DRINK-KART */ = {
			isa = PBXGroup;
			children = (
				CBA351AC28BD3D2300DBD537 /* DRINK_KARTApp.swift */,
				CBA351AE28BD3D2300DBD537 /* ContentView.swift */,
				CBA351BA28BD3D4000DBD537 /* CartButton.swift */,
				CBA351BC28BD3D9000DBD537 /* CartManager.swift */,
				CBA351C028BD3DD000DBD537 /* PaymentButton.swift */,
				CBA351C428BD3DE500DBD537 /* Product.swift */,
				CBA351C528BD3DE500DBD537 /* ProductCard.swift */,
				CBA351C628BD3DE500DBD537 /* ProductRow.swift */,
				CBA351C228BD3DD900DBD537 /* PaymentHandler.swift */,
				CBA351B028BD3D2400DBD537 /* Assets.xcassets */,
				CBA351B228BD3D2400DBD537 /* Preview Content */,
			);
			path = "DRINK-KART";
			sourceTree = "<group>";
		};
		CBA351B228BD3D2400DBD537 /* Preview Content */ = {
			isa = PBXGroup;
			children = (
				CBA351BE28BD3DC300DBD537 /* CartView.swift */,
				CBA351B328BD3D2400DBD537 /* Preview Assets.xcassets */,
			);
			path = "Preview Content";
			sourceTree = "<group>";
		};
/* End PBXGroup section */

/* Begin PBXNativeTarget section */
		CBA351A828BD3D2300DBD537 /* DRINK-KART */ = {
			isa = PBXNativeTarget;
			buildConfigurationList = CBA351B728BD3D2400DBD537 /* Build configuration list for PBXNativeTarget "DRINK-KART" */;
			buildPhases = (
				CBA351A528BD3D2300DBD537 /* Sources */,
				CBA351A628BD3D2300DBD537 /* Frameworks */,
				CBA351A728BD3D2300DBD537 /* Resources */,
			);
			buildRules = (
			);
			dependencies = (
			);
			name = "DRINK-KART";
			productName = "DRINK-KART";
			productReference = CBA351A928BD3D2300DBD537 /* DRINK-KART.app */;
			productType = "com.apple.product-type.application";
		};
/* End PBXNativeTarget section */

/* Begin PBXProject section */
		CBA351A128BD3D2300DBD537 /* Project object */ = {
			isa = PBXProject;
			attributes = {
				BuildIndependentTargetsInParallel = 1;
				LastSwiftUpdateCheck = 1340;
				LastUpgradeCheck = 1340;
				TargetAttributes = {
					CBA351A828BD3D2300DBD537 = {
						CreatedOnToolsVersion = 13.4.1;
					};
				};
			};
			buildConfigurationList = CBA351A428BD3D2300DBD537 /* Build configuration list for PBXProject "DRINK-KART" */;
			compatibilityVersion = "Xcode 13.0";
			developmentRegion = en;
			hasScannedForEncodings = 0;
			knownRegions = (
				en,
				Base,
			);
			mainGroup = CBA351A028BD3D2300DBD537;
			productRefGroup = CBA351AA28BD3D2300DBD537 /* Products */;
			projectDirPath = "";
			projectRoot = "";
			targets = (
				CBA351A828BD3D2300DBD537 /* DRINK-KART */,
			);
		};
/* End PBXProject section */

/* Begin PBXResourcesBuildPhase section */
		CBA351A728BD3D2300DBD537 /* Resources */ = {
			isa = PBXResourcesBuildPhase;
			buildActionMask = 2147483647;
			files = (
				CBA351B428BD3D2400DBD537 /* Preview Assets.xcassets in Resources */,
				CBA351B128BD3D2400DBD537 /* Assets.xcassets in Resources */,
			);
			runOnlyForDeploymentPostprocessing = 0;
		};
/* End PBXResourcesBuildPhase section */

/* Begin PBXSourcesBuildPhase section */
		CBA351A528BD3D2300DBD537 /* Sources */ = {
			isa = PBXSourcesBuildPhase;
			buildActionMask = 2147483647;
			files = (
				CBA351C128BD3DD000DBD537 /* PaymentButton.swift in Sources */,
				CBA351C728BD3DE500DBD537 /* Product.swift in Sources */,
				CBA351C928BD3DE500DBD537 /* ProductRow.swift in Sources */,
				CBA351BF28BD3DC300DBD537 /* CartView.swift in Sources */,
				CBA351AF28BD3D2300DBD537 /* ContentView.swift in Sources */,
				CBA351C328BD3DD900DBD537 /* PaymentHandler.swift in Sources */,
				CBA351C828BD3DE500DBD537 /* ProductCard.swift in Sources */,
				CBA351AD28BD3D2300DBD537 /* DRINK_KARTApp.swift in Sources */,
				CBA351BD28BD3D9000DBD537 /* CartManager.swift in Sources */,
				CBA351BB28BD3D4000DBD537 /* CartButton.swift in Sources */,
			);
			runOnlyForDeploymentPostprocessing = 0;
		};
/* End PBXSourcesBuildPhase section */

/* Begin XCBuildConfiguration section */
		CBA351B528BD3D2400DBD537 /* Debug */ = {
			isa = XCBuildConfiguration;
			buildSettings = {
				ALWAYS_SEARCH_USER_PATHS = NO;
				CLANG_ANALYZER_NONNULL = YES;
				CLANG_ANALYZER_NUMBER_OBJECT_CONVERSION = YES_AGGRESSIVE;
				CLANG_CXX_LANGUAGE_STANDARD = "gnu++17";
				CLANG_ENABLE_MODULES = YES;
				CLANG_ENABLE_OBJC_ARC = YES;
				CLANG_ENABLE_OBJC_WEAK = YES;
				CLANG_WARN_BLOCK_CAPTURE_AUTORELEASING = YES;
				CLANG_WARN_BOOL_CONVERSION = YES;
				CLANG_WARN_COMMA = YES;
				CLANG_WARN_CONSTANT_CONVERSION = YES;
				CLANG_WARN_DEPRECATED_OBJC_IMPLEMENTATIONS = YES;
				CLANG_WARN_DIRECT_OBJC_ISA_USAGE = YES_ERROR;
				CLANG_WARN_DOCUMENTATION_COMMENTS = YES;
				CLANG_WARN_EMPTY_BODY = YES;
				CLANG_WARN_ENUM_CONVERSION = YES;
				CLANG_WARN_INFINITE_RECURSION = YES;
				CLANG_WARN_INT_CONVERSION = YES;
				CLANG_WARN_NON_LITERAL_NULL_CONVERSION = YES;
				CLANG_WARN_OBJC_IMPLICIT_RETAIN_SELF = YES;
				CLANG_WARN_OBJC_LITERAL_CONVERSION = YES;
				CLANG_WARN_OBJC_ROOT_CLASS = YES_ERROR;
				CLANG_WARN_QUOTED_INCLUDE_IN_FRAMEWORK_HEADER = YES;
				CLANG_WARN_RANGE_LOOP_ANALYSIS = YES;
				CLANG_WARN_STRICT_PROTOTYPES = YES;
				CLANG_WARN_SUSPICIOUS_MOVE = YES;
				CLANG_WARN_UNGUARDED_AVAILABILITY = YES_AGGRESSIVE;
				CLANG_WARN_UNREACHABLE_CODE = YES;
				CLANG_WARN__DUPLICATE_METHOD_MATCH = YES;
				COPY_PHASE_STRIP = NO;
				DEBUG_INFORMATION_FORMAT = dwarf;
				ENABLE_STRICT_OBJC_MSGSEND = YES;
				ENABLE_TESTABILITY = YES;
				GCC_C_LANGUAGE_STANDARD = gnu11;
				GCC_DYNAMIC_NO_PIC = NO;
				GCC_NO_COMMON_BLOCKS = YES;
				GCC_OPTIMIZATION_LEVEL = 0;
				GCC_PREPROCESSOR_DEFINITIONS = (
					"DEBUG=1",
					"$(inherited)",
				);
				GCC_WARN_64_TO_32_BIT_CONVERSION = YES;
				GCC_WARN_ABOUT_RETURN_TYPE = YES_ERROR;
				GCC_WARN_UNDECLARED_SELECTOR = YES;
				GCC_WARN_UNINITIALIZED_AUTOS = YES_AGGRESSIVE;
				GCC_WARN_UNUSED_FUNCTION = YES;
				GCC_WARN_UNUSED_VARIABLE = YES;
				IPHONEOS_DEPLOYMENT_TARGET = 15.5;
				MTL_ENABLE_DEBUG_INFO = INCLUDE_SOURCE;
				MTL_FAST_MATH = YES;
				ONLY_ACTIVE_ARCH = YES;
				SDKROOT = iphoneos;
				SWIFT_ACTIVE_COMPILATION_CONDITIONS = DEBUG;
				SWIFT_OPTIMIZATION_LEVEL = "-Onone";
			};
			name = Debug;
		};
		CBA351B628BD3D2400DBD537 /* Release */ = {
			isa = XCBuildConfiguration;
			buildSettings = {
				ALWAYS_SEARCH_USER_PATHS = NO;
				CLANG_ANALYZER_NONNULL = YES;
				CLANG_ANALYZER_NUMBER_OBJECT_CONVERSION = YES_AGGRESSIVE;
				CLANG_CXX_LANGUAGE_STANDARD = "gnu++17";
				CLANG_ENABLE_MODULES = YES;
				CLANG_ENABLE_OBJC_ARC = YES;
				CLANG_ENABLE_OBJC_WEAK = YES;
				CLANG_WARN_BLOCK_CAPTURE_AUTORELEASING = YES;
				CLANG_WARN_BOOL_CONVERSION = YES;
				CLANG_WARN_COMMA = YES;
				CLANG_WARN_CONSTANT_CONVERSION = YES;
				CLANG_WARN_DEPRECATED_OBJC_IMPLEMENTATIONS = YES;
				CLANG_WARN_DIRECT_OBJC_ISA_USAGE = YES_ERROR;
				CLANG_WARN_DOCUMENTATION_COMMENTS = YES;
				CLANG_WARN_EMPTY_BODY = YES;
				CLANG_WARN_ENUM_CONVERSION = YES;
				CLANG_WARN_INFINITE_RECURSION = YES;
				CLANG_WARN_INT_CONVERSION = YES;
				CLANG_WARN_NON_LITERAL_NULL_CONVERSION = YES;
				CLANG_WARN_OBJC_IMPLICIT_RETAIN_SELF = YES;
				CLANG_WARN_OBJC_LITERAL_CONVERSION = YES;
				CLANG_WARN_OBJC_ROOT_CLASS = YES_ERROR;
				CLANG_WARN_QUOTED_INCLUDE_IN_FRAMEWORK_HEADER = YES;
				CLANG_WARN_RANGE_LOOP_ANALYSIS = YES;
				CLANG_WARN_STRICT_PROTOTYPES = YES;
				CLANG_WARN_SUSPICIOUS_MOVE = YES;
				CLANG_WARN_UNGUARDED_AVAILABILITY = YES_AGGRESSIVE;
				CLANG_WARN_UNREACHABLE_CODE = YES;
				CLANG_WARN__DUPLICATE_METHOD_MATCH = YES;
				COPY_PHASE_STRIP = NO;
				DEBUG_INFORMATION_FORMAT = "dwarf-with-dsym";
				ENABLE_NS_ASSERTIONS = NO;
				ENABLE_STRICT_OBJC_MSGSEND = YES;
				GCC_C_LANGUAGE_STANDARD = gnu11;
				GCC_NO_COMMON_BLOCKS = YES;
				GCC_WARN_64_TO_32_BIT_CONVERSION = YES;
				GCC_WARN_ABOUT_RETURN_TYPE = YES_ERROR;
				GCC_WARN_UNDECLARED_SELECTOR = YES;
				GCC_WARN_UNINITIALIZED_AUTOS = YES_AGGRESSIVE;
				GCC_WARN_UNUSED_FUNCTION = YES;
				GCC_WARN_UNUSED_VARIABLE = YES;
				IPHONEOS_DEPLOYMENT_TARGET = 15.5;
				MTL_ENABLE_DEBUG_INFO = NO;
				MTL_FAST_MATH = YES;
				SDKROOT = iphoneos;
				SWIFT_COMPILATION_MODE = wholemodule;
				SWIFT_OPTIMIZATION_LEVEL = "-O";
				VALIDATE_PRODUCT = YES;
			};
			name = Release;
		};
		CBA351B828BD3D2400DBD537 /* Debug */ = {
			isa = XCBuildConfiguration;
			buildSettings = {
				ASSETCATALOG_COMPILER_APPICON_NAME = AppIcon;
				ASSETCATALOG_COMPILER_GLOBAL_ACCENT_COLOR_NAME = AccentColor;
				CODE_SIGN_STYLE = Automatic;
				CURRENT_PROJECT_VERSION = 1;
				DEVELOPMENT_ASSET_PATHS = "\"DRINK-KART/Preview Content\"";
				DEVELOPMENT_TEAM = 9AQV7L8ACC;
				ENABLE_PREVIEWS = YES;
				GENERATE_INFOPLIST_FILE = YES;
				INFOPLIST_KEY_UIApplicationSceneManifest_Generation = YES;
				INFOPLIST_KEY_UIApplicationSupportsIndirectInputEvents = YES;
				INFOPLIST_KEY_UILaunchScreen_Generation = YES;
				INFOPLIST_KEY_UISupportedInterfaceOrientations_iPad = "UIInterfaceOrientationPortrait UIInterfaceOrientationPortraitUpsideDown UIInterfaceOrientationLandscapeLeft UIInterfaceOrientationLandscapeRight";
				INFOPLIST_KEY_UISupportedInterfaceOrientations_iPhone = "UIInterfaceOrientationPortrait UIInterfaceOrientationLandscapeLeft UIInterfaceOrientationLandscapeRight";
				LD_RUNPATH_SEARCH_PATHS = (
					"$(inherited)",
					"@executable_path/Frameworks",
				);
				MARKETING_VERSION = 1.0;
				PRODUCT_BUNDLE_IDENTIFIER = "UjjwalR17.DRINK-KART";
				PRODUCT_NAME = "$(TARGET_NAME)";
				SWIFT_EMIT_LOC_STRINGS = YES;
				SWIFT_VERSION = 5.0;
				TARGETED_DEVICE_FAMILY = "1,2";
			};
			name = Debug;
		};
		CBA351B928BD3D2400DBD537 /* Release */ = {
			isa = XCBuildConfiguration;
			buildSettings = {
				ASSETCATALOG_COMPILER_APPICON_NAME = AppIcon;
				ASSETCATALOG_COMPILER_GLOBAL_ACCENT_COLOR_NAME = AccentColor;
				CODE_SIGN_STYLE = Automatic;
				CURRENT_PROJECT_VERSION = 1;
				DEVELOPMENT_ASSET_PATHS = "\"DRINK-KART/Preview Content\"";
				DEVELOPMENT_TEAM = 9AQV7L8ACC;
				ENABLE_PREVIEWS = YES;
				GENERATE_INFOPLIST_FILE = YES;
				INFOPLIST_KEY_UIApplicationSceneManifest_Generation = YES;
				INFOPLIST_KEY_UIApplicationSupportsIndirectInputEvents = YES;
				INFOPLIST_KEY_UILaunchScreen_Generation = YES;
				INFOPLIST_KEY_UISupportedInterfaceOrientations_iPad = "UIInterfaceOrientationPortrait UIInterfaceOrientationPortraitUpsideDown UIInterfaceOrientationLandscapeLeft UIInterfaceOrientationLandscapeRight";
				INFOPLIST_KEY_UISupportedInterfaceOrientations_iPhone = "UIInterfaceOrientationPortrait UIInterfaceOrientationLandscapeLeft UIInterfaceOrientationLandscapeRight";
				LD_RUNPATH_SEARCH_PATHS = (
					"$(inherited)",
					"@executable_path/Frameworks",
				);
				MARKETING_VERSION = 1.0;
				PRODUCT_BUNDLE_IDENTIFIER = "UjjwalR17.DRINK-KART";
				PRODUCT_NAME = "$(TARGET_NAME)";
				SWIFT_EMIT_LOC_STRINGS = YES;
				SWIFT_VERSION = 5.0;
				TARGETED_DEVICE_FAMILY = "1,2";
			};
			name = Release;
		};
/* End XCBuildConfiguration section */

/* Begin XCConfigurationList section */
		CBA351A428BD3D2300DBD537 /* Build configuration list for PBXProject "DRINK-KART" */ = {
			isa = XCConfigurationList;
			buildConfigurations = (
				CBA351B528BD3D2400DBD537 /* Debug */,
				CBA351B628BD3D2400DBD537 /* Release */,
			);
			defaultConfigurationIsVisible = 0;
			defaultConfigurationName = Release;
		};
		CBA351B728BD3D2400DBD537 /* Build configuration list for PBXNativeTarget "DRINK-KART" */ = {
			isa = XCConfigurationList;
			buildConfigurations = (
				CBA351B828BD3D2400DBD537 /* Debug */,
				CBA351B928BD3D2400DBD537 /* Release */,
			);
			defaultConfigurationIsVisible = 0;
			defaultConfigurationName = Release;
		};
/* End XCConfigurationList section */
	};
	rootObject = CBA351A128BD3D2300DBD537 /* Project object */;
}
